
Microsoft Visual Studio Solution File, Format Version 12.00
# Visual Studio Version 17
VisualStudioVersion = 17.4.33103.184
MinimumVisualStudioVersion = 10.0.40219.1
Project("{FAE04EC0-301F-11D3-BF4B-00C04F79EFBC}") = "SerialCommunicationSample", "SerialCommunicationSample\SerialCommunicationSample.csproj", "{711EDB2E-3BC0-4700-A2D5-A44C03E5581D}"
EndProject
Global
	GlobalSection(SolutionConfigurationPlatforms) = preSolution
		Debug|Any CPU = Debug|Any CPU
		Release|Any CPU = Release|Any CPU
	EndGlobalSection
	GlobalSection(ProjectConfigurationPlatforms) = postSolution
		{711EDB2E-3BC0-4700-A2D5-A44C03E5581D}.Debug|Any CPU.ActiveCfg = Debug|Any CPU
		{711EDB2E-3BC0-4700-A2D5-A44C03E5581D}.Debug|Any CPU.Build.0 = Debug|Any CPU
		{711EDB2E-3BC0-4700-A2D5-A44C03E5581D}.Release|Any CPU.ActiveCfg = Release|Any CPU
		{711EDB2E-3BC0-4700-A2D5-A44C03E5581D}.Release|Any CPU.Build.0 = Release|Any CPU
	EndGlobalSection
	GlobalSection(SolutionProperties) = preSolution
		HideSolutionNode = FALSE
	EndGlobalSection
	GlobalSection(ExtensibilityGlobals) = postSolution
		SolutionGuid = {3AAC0664-6545-4916-91F0-DE7B4A2B8D79}
	EndGlobalSection
EndGlobal
